
Microsoft Visual Studio Solution File, Format Version 12.00
# Visual Studio Version 16
VisualStudioVersion = 16.0.29403.142
MinimumVisualStudioVersion = 10.0.40219.1
Project("{8BC9CEB8-8B4A-11D0-8D11-00A0C91BC942}") = "qt_hikvision", "qt_hikvision\qt_hikvision.vcxproj", "{83B60666-7464-4A85-8739-2F41BE97A647}"
EndProject
Global
	GlobalSection(SolutionConfigurationPlatforms) = preSolution
		Debug|x64 = Debug|x64
		Release|x64 = Release|x64
	EndGlobalSection
	GlobalSection(ProjectConfigurationPlatforms) = postSolution
		{83B60666-7464-4A85-8739-2F41BE97A647}.Debug|x64.ActiveCfg = Debug|x64
		{83B60666-7464-4A85-8739-2F41BE97A647}.Debug|x64.Build.0 = Debug|x64
		{83B60666-7464-4A85-8739-2F41BE97A647}.Release|x64.ActiveCfg = Release|x64
		{83B60666-7464-4A85-8739-2F41BE97A647}.Release|x64.Build.0 = Release|x64
	EndGlobalSection
	GlobalSection(SolutionProperties) = preSolution
		HideSolutionNode = FALSE
	EndGlobalSection
	GlobalSection(ExtensibilityGlobals) = postSolution
		SolutionGuid = {38B0D84A-062B-48AA-AD41-1A7C1BB2E8D3}
	EndGlobalSection
EndGlobal
